
Microsoft Visual Studio Solution File, Format Version 12.00
# Visual Studio Version 17
VisualStudioVersion = 17.7.34018.315
MinimumVisualStudioVersion = 10.0.40219.1
Project("{9A19103F-16F7-4668-BE54-9A1E7A4F7556}") = "CareerPlatform.WebAPI", "CareerPlatform.WebAPI\CareerPlatform.WebAPI.csproj", "{399CBB72-A2D7-4263-B094-381E0EFC431C}"
EndProject
Project("{9A19103F-16F7-4668-BE54-9A1E7A4F7556}") = "CareerPlatform.Business", "CareerPlatform.Business\CareerPlatform.Business.csproj", "{8D6311C9-1C1E-46DD-A833-2D718EC59D2A}"
EndProject
Project("{9A19103F-16F7-4668-BE54-9A1E7A4F7556}") = "CareerPlatform.DataAccess", "CareerPlatform.DataAccess\CareerPlatform.DataAccess.csproj", "{1AF7A875-40B2-4759-B4BB-BF20BE15E546}"
EndProject
Project("{9A19103F-16F7-4668-BE54-9A1E7A4F7556}") = "CareerPlatform.Model", "CareerPlatform.Model\CareerPlatform.Model.csproj", "{A85CB112-BE56-4B7A-BA88-26D0B74CEC8C}"
EndProject
Project("{9A19103F-16F7-4668-BE54-9A1E7A4F7556}") = "Infrastructure", "Infrastructure\Infrastructure.csproj", "{69CA6E00-EDEB-48BA-84EC-6821EDAEBFF4}"
EndProject
Global
	GlobalSection(SolutionConfigurationPlatforms) = preSolution
		Debug|Any CPU = Debug|Any CPU
		Release|Any CPU = Release|Any CPU
	EndGlobalSection
	GlobalSection(ProjectConfigurationPlatforms) = postSolution
		{399CBB72-A2D7-4263-B094-381E0EFC431C}.Debug|Any CPU.ActiveCfg = Debug|Any CPU
		{399CBB72-A2D7-4263-B094-381E0EFC431C}.Debug|Any CPU.Build.0 = Debug|Any CPU
		{399CBB72-A2D7-4263-B094-381E0EFC431C}.Release|Any CPU.ActiveCfg = Release|Any CPU
		{399CBB72-A2D7-4263-B094-381E0EFC431C}.Release|Any CPU.Build.0 = Release|Any CPU
		{8D6311C9-1C1E-46DD-A833-2D718EC59D2A}.Debug|Any CPU.ActiveCfg = Debug|Any CPU
		{8D6311C9-1C1E-46DD-A833-2D718EC59D2A}.Debug|Any CPU.Build.0 = Debug|Any CPU
		{8D6311C9-1C1E-46DD-A833-2D718EC59D2A}.Release|Any CPU.ActiveCfg = Release|Any CPU
		{8D6311C9-1C1E-46DD-A833-2D718EC59D2A}.Release|Any CPU.Build.0 = Release|Any CPU
		{1AF7A875-40B2-4759-B4BB-BF20BE15E546}.Debug|Any CPU.ActiveCfg = Debug|Any CPU
		{1AF7A875-40B2-4759-B4BB-BF20BE15E546}.Debug|Any CPU.Build.0 = Debug|Any CPU
		{1AF7A875-40B2-4759-B4BB-BF20BE15E546}.Release|Any CPU.ActiveCfg = Release|Any CPU
		{1AF7A875-40B2-4759-B4BB-BF20BE15E546}.Release|Any CPU.Build.0 = Release|Any CPU
		{A85CB112-BE56-4B7A-BA88-26D0B74CEC8C}.Debug|Any CPU.ActiveCfg = Debug|Any CPU
		{A85CB112-BE56-4B7A-BA88-26D0B74CEC8C}.Debug|Any CPU.Build.0 = Debug|Any CPU
		{A85CB112-BE56-4B7A-BA88-26D0B74CEC8C}.Release|Any CPU.ActiveCfg = Release|Any CPU
		{A85CB112-BE56-4B7A-BA88-26D0B74CEC8C}.Release|Any CPU.Build.0 = Release|Any CPU
		{69CA6E00-EDEB-48BA-84EC-6821EDAEBFF4}.Debug|Any CPU.ActiveCfg = Debug|Any CPU
		{69CA6E00-EDEB-48BA-84EC-6821EDAEBFF4}.Debug|Any CPU.Build.0 = Debug|Any CPU
		{69CA6E00-EDEB-48BA-84EC-6821EDAEBFF4}.Release|Any CPU.ActiveCfg = Release|Any CPU
		{69CA6E00-EDEB-48BA-84EC-6821EDAEBFF4}.Release|Any CPU.Build.0 = Release|Any CPU
	EndGlobalSection
	GlobalSection(SolutionProperties) = preSolution
		HideSolutionNode = FALSE
	EndGlobalSection
	GlobalSection(ExtensibilityGlobals) = postSolution
		SolutionGuid = {85FCA6E6-CCFD-4ED7-9CE9-41F6B4AB99AE}
	EndGlobalSection
EndGlobal
